
Microsoft Visual Studio Solution File, Format Version 12.00
# Visual Studio 14
VisualStudioVersion = 14.0.24720.0
MinimumVisualStudioVersion = 10.0.40219.1
Project("{FAE04EC0-301F-11D3-BF4B-00C04F79EFBC}") = "FakeGnomoria", "FakeGnomoria\FakeGnomoria.csproj", "{EF8A3781-E6A6-4554-B181-07DDF0EBD5AC}"
EndProject
Project("{FAE04EC0-301F-11D3-BF4B-00C04F79EFBC}") = "FakeMod", "FakeMod\FakeMod.csproj", "{F0D8BF10-B14F-43D4-8E29-35BA6C797A45}"
EndProject
Global
	GlobalSection(SolutionConfigurationPlatforms) = preSolution
		Debug|Any CPU = Debug|Any CPU
		net_2_0_Debug|Any CPU = net_2_0_Debug|Any CPU
		net_2_0_Release|Any CPU = net_2_0_Release|Any CPU
		net_3_5_Debug|Any CPU = net_3_5_Debug|Any CPU
		net_3_5_Release|Any CPU = net_3_5_Release|Any CPU
		net_4_0_Debug|Any CPU = net_4_0_Debug|Any CPU
		net_4_0_Release|Any CPU = net_4_0_Release|Any CPU
		net_4_5_Debug|Any CPU = net_4_5_Debug|Any CPU
		net_4_5_Release|Any CPU = net_4_5_Release|Any CPU
		Release|Any CPU = Release|Any CPU
		silverlight_Debug|Any CPU = silverlight_Debug|Any CPU
		silverlight_Release|Any CPU = silverlight_Release|Any CPU
		winphone_Debug|Any CPU = winphone_Debug|Any CPU
		winphone_Release|Any CPU = winphone_Release|Any CPU
	EndGlobalSection
	GlobalSection(ProjectConfigurationPlatforms) = postSolution
		{EF8A3781-E6A6-4554-B181-07DDF0EBD5AC}.Debug|Any CPU.ActiveCfg = Debug|Any CPU
		{EF8A3781-E6A6-4554-B181-07DDF0EBD5AC}.Debug|Any CPU.Build.0 = Debug|Any CPU
		{EF8A3781-E6A6-4554-B181-07DDF0EBD5AC}.net_2_0_Debug|Any CPU.ActiveCfg = Debug|Any CPU
		{EF8A3781-E6A6-4554-B181-07DDF0EBD5AC}.net_2_0_Debug|Any CPU.Build.0 = Debug|Any CPU
		{EF8A3781-E6A6-4554-B181-07DDF0EBD5AC}.net_2_0_Release|Any CPU.ActiveCfg = Release|Any CPU
		{EF8A3781-E6A6-4554-B181-07DDF0EBD5AC}.net_2_0_Release|Any CPU.Build.0 = Release|Any CPU
		{EF8A3781-E6A6-4554-B181-07DDF0EBD5AC}.net_3_5_Debug|Any CPU.ActiveCfg = Debug|Any CPU
		{EF8A3781-E6A6-4554-B181-07DDF0EBD5AC}.net_3_5_Debug|Any CPU.Build.0 = Debug|Any CPU
		{EF8A3781-E6A6-4554-B181-07DDF0EBD5AC}.net_3_5_Release|Any CPU.ActiveCfg = Release|Any CPU
		{EF8A3781-E6A6-4554-B181-07DDF0EBD5AC}.net_3_5_Release|Any CPU.Build.0 = Release|Any CPU
		{EF8A3781-E6A6-4554-B181-07DDF0EBD5AC}.net_4_0_Debug|Any CPU.ActiveCfg = Debug|Any CPU
		{EF8A3781-E6A6-4554-B181-07DDF0EBD5AC}.net_4_0_Debug|Any CPU.Build.0 = Debug|Any CPU
		{EF8A3781-E6A6-4554-B181-07DDF0EBD5AC}.net_4_0_Release|Any CPU.ActiveCfg = Release|Any CPU
		{EF8A3781-E6A6-4554-B181-07DDF0EBD5AC}.net_4_0_Release|Any CPU.Build.0 = Release|Any CPU
		{EF8A3781-E6A6-4554-B181-07DDF0EBD5AC}.net_4_5_Debug|Any CPU.ActiveCfg = Debug|Any CPU
		{EF8A3781-E6A6-4554-B181-07DDF0EBD5AC}.net_4_5_Debug|Any CPU.Build.0 = Debug|Any CPU
		{EF8A3781-E6A6-4554-B181-07DDF0EBD5AC}.net_4_5_Release|Any CPU.ActiveCfg = Release|Any CPU
		{EF8A3781-E6A6-4554-B181-07DDF0EBD5AC}.net_4_5_Release|Any CPU.Build.0 = Release|Any CPU
		{EF8A3781-E6A6-4554-B181-07DDF0EBD5AC}.Release|Any CPU.ActiveCfg = Release|Any CPU
		{EF8A3781-E6A6-4554-B181-07DDF0EBD5AC}.Release|Any CPU.Build.0 = Release|Any CPU
		{EF8A3781-E6A6-4554-B181-07DDF0EBD5AC}.silverlight_Debug|Any CPU.ActiveCfg = Debug|Any CPU
		{EF8A3781-E6A6-4554-B181-07DDF0EBD5AC}.silverlight_Debug|Any CPU.Build.0 = Debug|Any CPU
		{EF8A3781-E6A6-4554-B181-07DDF0EBD5AC}.silverlight_Release|Any CPU.ActiveCfg = Release|Any CPU
		{EF8A3781-E6A6-4554-B181-07DDF0EBD5AC}.silverlight_Release|Any CPU.Build.0 = Release|Any CPU
		{EF8A3781-E6A6-4554-B181-07DDF0EBD5AC}.winphone_Debug|Any CPU.ActiveCfg = Debug|Any CPU
		{EF8A3781-E6A6-4554-B181-07DDF0EBD5AC}.winphone_Debug|Any CPU.Build.0 = Debug|Any CPU
		{EF8A3781-E6A6-4554-B181-07DDF0EBD5AC}.winphone_Release|Any CPU.ActiveCfg = Release|Any CPU
		{EF8A3781-E6A6-4554-B181-07DDF0EBD5AC}.winphone_Release|Any CPU.Build.0 = Release|Any CPU
		{F0D8BF10-B14F-43D4-8E29-35BA6C797A45}.Debug|Any CPU.ActiveCfg = Debug|Any CPU
		{F0D8BF10-B14F-43D4-8E29-35BA6C797A45}.Debug|Any CPU.Build.0 = Debug|Any CPU
		{F0D8BF10-B14F-43D4-8E29-35BA6C797A45}.net_2_0_Debug|Any CPU.ActiveCfg = Debug|Any CPU
		{F0D8BF10-B14F-43D4-8E29-35BA6C797A45}.net_2_0_Debug|Any CPU.Build.0 = Debug|Any CPU
		{F0D8BF10-B14F-43D4-8E29-35BA6C797A45}.net_2_0_Release|Any CPU.ActiveCfg = Release|Any CPU
		{F0D8BF10-B14F-43D4-8E29-35BA6C797A45}.net_2_0_Release|Any CPU.Build.0 = Release|Any CPU
		{F0D8BF10-B14F-43D4-8E29-35BA6C797A45}.net_3_5_Debug|Any CPU.ActiveCfg = Debug|Any CPU
		{F0D8BF10-B14F-43D4-8E29-35BA6C797A45}.net_3_5_Debug|Any CPU.Build.0 = Debug|Any CPU
		{F0D8BF10-B14F-43D4-8E29-35BA6C797A45}.net_3_5_Release|Any CPU.ActiveCfg = Release|Any CPU
		{F0D8BF10-B14F-43D4-8E29-35BA6C797A45}.net_3_5_Release|Any CPU.Build.0 = Release|Any CPU
		{F0D8BF10-B14F-43D4-8E29-35BA6C797A45}.net_4_0_Debug|Any CPU.ActiveCfg = Debug|Any CPU
		{F0D8BF10-B14F-43D4-8E29-35BA6C797A45}.net_4_0_Debug|Any CPU.Build.0 = Debug|Any CPU
		{F0D8BF10-B14F-43D4-8E29-35BA6C797A45}.net_4_0_Release|Any CPU.ActiveCfg = Release|Any CPU
		{F0D8BF10-B14F-43D4-8E29-35BA6C797A45}.net_4_0_Release|Any CPU.Build.0 = Release|Any CPU
		{F0D8BF10-B14F-43D4-8E29-35BA6C797A45}.net_4_5_Debug|Any CPU.ActiveCfg = Debug|Any CPU
		{F0D8BF10-B14F-43D4-8E29-35BA6C797A45}.net_4_5_Debug|Any CPU.Build.0 = Debug|Any CPU
		{F0D8BF10-B14F-43D4-8E29-35BA6C797A45}.net_4_5_Release|Any CPU.ActiveCfg = Release|Any CPU
		{F0D8BF10-B14F-43D4-8E29-35BA6C797A45}.net_4_5_Release|Any CPU.Build.0 = Release|Any CPU
		{F0D8BF10-B14F-43D4-8E29-35BA6C797A45}.Release|Any CPU.ActiveCfg = Release|Any CPU
		{F0D8BF10-B14F-43D4-8E29-35BA6C797A45}.Release|Any CPU.Build.0 = Release|Any CPU
		{F0D8BF10-B14F-43D4-8E29-35BA6C797A45}.silverlight_Debug|Any CPU.ActiveCfg = Debug|Any CPU
		{F0D8BF10-B14F-43D4-8E29-35BA6C797A45}.silverlight_Debug|Any CPU.Build.0 = Debug|Any CPU
		{F0D8BF10-B14F-43D4-8E29-35BA6C797A45}.silverlight_Release|Any CPU.ActiveCfg = Release|Any CPU
		{F0D8BF10-B14F-43D4-8E29-35BA6C797A45}.silverlight_Release|Any CPU.Build.0 = Release|Any CPU
		{F0D8BF10-B14F-43D4-8E29-35BA6C797A45}.winphone_Debug|Any CPU.ActiveCfg = Debug|Any CPU
		{F0D8BF10-B14F-43D4-8E29-35BA6C797A45}.winphone_Debug|Any CPU.Build.0 = Debug|Any CPU
		{F0D8BF10-B14F-43D4-8E29-35BA6C797A45}.winphone_Release|Any CPU.ActiveCfg = Release|Any CPU
		{F0D8BF10-B14F-43D4-8E29-35BA6C797A45}.winphone_Release|Any CPU.Build.0 = Release|Any CPU
	EndGlobalSection
	GlobalSection(SolutionProperties) = preSolution
		HideSolutionNode = FALSE
	EndGlobalSection
EndGlobal
